
Microsoft Visual Studio Solution File, Format Version 12.00
Project("{FAE04EC0-301F-11D3-BF4B-00C04F79EFBC}") = "Console", "Console\Console.csproj", "{2E1C22AF-31B3-46D0-A492-93B1CB4674D7}"
EndProject
Project("{FAE04EC0-301F-11D3-BF4B-00C04F79EFBC}") = "WinUi", "WinUi\WinUi.csproj", "{2871FC97-0738-40AC-80F7-F84BBD04850D}"
EndProject
Project("{2150E333-8FDC-42A3-9474-1A3956D46DE8}") = "Libraries", "Libraries", "{EA8B094C-F3D6-4F4E-BB1C-37D4AC9E577B}"
EndProject
Project("{FAE04EC0-301F-11D3-BF4B-00C04F79EFBC}") = "Task1", "Task1\Task1.csproj", "{38B860DF-501F-427A-9E4E-9B22C6A0CAEF}"
EndProject
Project("{FAE04EC0-301F-11D3-BF4B-00C04F79EFBC}") = "Task2", "Task2\Task2.csproj", "{EFA60498-7E81-4B4C-9A16-D81A0FBA19EB}"
EndProject
Project("{FAE04EC0-301F-11D3-BF4B-00C04F79EFBC}") = "Task3", "Task3\Task3.csproj", "{31A2692C-430E-4EFB-8383-2E8DA4ADA88E}"
EndProject
Global
	GlobalSection(SolutionConfigurationPlatforms) = preSolution
		Debug|Any CPU = Debug|Any CPU
		Release|Any CPU = Release|Any CPU
	EndGlobalSection
	GlobalSection(ProjectConfigurationPlatforms) = postSolution
		{2E1C22AF-31B3-46D0-A492-93B1CB4674D7}.Debug|Any CPU.ActiveCfg = Debug|Any CPU
		{2E1C22AF-31B3-46D0-A492-93B1CB4674D7}.Debug|Any CPU.Build.0 = Debug|Any CPU
		{2E1C22AF-31B3-46D0-A492-93B1CB4674D7}.Release|Any CPU.ActiveCfg = Release|Any CPU
		{2E1C22AF-31B3-46D0-A492-93B1CB4674D7}.Release|Any CPU.Build.0 = Release|Any CPU
		{2871FC97-0738-40AC-80F7-F84BBD04850D}.Debug|Any CPU.ActiveCfg = Debug|Any CPU
		{2871FC97-0738-40AC-80F7-F84BBD04850D}.Debug|Any CPU.Build.0 = Debug|Any CPU
		{2871FC97-0738-40AC-80F7-F84BBD04850D}.Release|Any CPU.ActiveCfg = Release|Any CPU
		{2871FC97-0738-40AC-80F7-F84BBD04850D}.Release|Any CPU.Build.0 = Release|Any CPU
		{38B860DF-501F-427A-9E4E-9B22C6A0CAEF}.Debug|Any CPU.ActiveCfg = Debug|Any CPU
		{38B860DF-501F-427A-9E4E-9B22C6A0CAEF}.Debug|Any CPU.Build.0 = Debug|Any CPU
		{38B860DF-501F-427A-9E4E-9B22C6A0CAEF}.Release|Any CPU.ActiveCfg = Release|Any CPU
		{38B860DF-501F-427A-9E4E-9B22C6A0CAEF}.Release|Any CPU.Build.0 = Release|Any CPU
		{EFA60498-7E81-4B4C-9A16-D81A0FBA19EB}.Debug|Any CPU.ActiveCfg = Debug|Any CPU
		{EFA60498-7E81-4B4C-9A16-D81A0FBA19EB}.Debug|Any CPU.Build.0 = Debug|Any CPU
		{EFA60498-7E81-4B4C-9A16-D81A0FBA19EB}.Release|Any CPU.ActiveCfg = Release|Any CPU
		{EFA60498-7E81-4B4C-9A16-D81A0FBA19EB}.Release|Any CPU.Build.0 = Release|Any CPU
		{31A2692C-430E-4EFB-8383-2E8DA4ADA88E}.Debug|Any CPU.ActiveCfg = Debug|Any CPU
		{31A2692C-430E-4EFB-8383-2E8DA4ADA88E}.Debug|Any CPU.Build.0 = Debug|Any CPU
		{31A2692C-430E-4EFB-8383-2E8DA4ADA88E}.Release|Any CPU.ActiveCfg = Release|Any CPU
		{31A2692C-430E-4EFB-8383-2E8DA4ADA88E}.Release|Any CPU.Build.0 = Release|Any CPU
	EndGlobalSection
	GlobalSection(NestedProjects) = preSolution
		{38B860DF-501F-427A-9E4E-9B22C6A0CAEF} = {EA8B094C-F3D6-4F4E-BB1C-37D4AC9E577B}
		{EFA60498-7E81-4B4C-9A16-D81A0FBA19EB} = {EA8B094C-F3D6-4F4E-BB1C-37D4AC9E577B}
		{31A2692C-430E-4EFB-8383-2E8DA4ADA88E} = {EA8B094C-F3D6-4F4E-BB1C-37D4AC9E577B}
	EndGlobalSection
EndGlobal
